
Microsoft Visual Studio Solution File, Format Version 12.00
# Visual Studio Version 17
VisualStudioVersion = 17.1.32407.343
MinimumVisualStudioVersion = 10.0.40219.1
Project("{FAE04EC0-301F-11D3-BF4B-00C04F79EFBC}") = "PurchaseRequester.Domain", "PurchaseRequester.Domain\PurchaseRequester.Domain.csproj", "{31BF3B3E-AC47-424F-B659-4EF20E7289A7}"
EndProject
Project("{FAE04EC0-301F-11D3-BF4B-00C04F79EFBC}") = "PurchaseRequester.Application", "PurchaseRequester.Application\PurchaseRequester.Application.csproj", "{A0129DD1-ECC5-424B-95B8-C359E4219278}"
EndProject
Project("{FAE04EC0-301F-11D3-BF4B-00C04F79EFBC}") = "PurchaseRequester.Persistence", "PurchaseRequester.Persistence\PurchaseRequester.Persistence.csproj", "{580999AA-D7DE-4277-91AA-924D5869DB44}"
EndProject
Project("{FAE04EC0-301F-11D3-BF4B-00C04F79EFBC}") = "PurchaseRequester.UI.Console", "PurchaseRequester.UI.Console\PurchaseRequester.UI.Console.csproj", "{1ADF955C-0F6A-4EF5-8579-FAE101C71BDC}"
EndProject
Global
	GlobalSection(SolutionConfigurationPlatforms) = preSolution
		Debug|Any CPU = Debug|Any CPU
		Release|Any CPU = Release|Any CPU
	EndGlobalSection
	GlobalSection(ProjectConfigurationPlatforms) = postSolution
		{31BF3B3E-AC47-424F-B659-4EF20E7289A7}.Debug|Any CPU.ActiveCfg = Debug|Any CPU
		{31BF3B3E-AC47-424F-B659-4EF20E7289A7}.Debug|Any CPU.Build.0 = Debug|Any CPU
		{31BF3B3E-AC47-424F-B659-4EF20E7289A7}.Release|Any CPU.ActiveCfg = Release|Any CPU
		{31BF3B3E-AC47-424F-B659-4EF20E7289A7}.Release|Any CPU.Build.0 = Release|Any CPU
		{A0129DD1-ECC5-424B-95B8-C359E4219278}.Debug|Any CPU.ActiveCfg = Debug|Any CPU
		{A0129DD1-ECC5-424B-95B8-C359E4219278}.Debug|Any CPU.Build.0 = Debug|Any CPU
		{A0129DD1-ECC5-424B-95B8-C359E4219278}.Release|Any CPU.ActiveCfg = Release|Any CPU
		{A0129DD1-ECC5-424B-95B8-C359E4219278}.Release|Any CPU.Build.0 = Release|Any CPU
		{580999AA-D7DE-4277-91AA-924D5869DB44}.Debug|Any CPU.ActiveCfg = Debug|Any CPU
		{580999AA-D7DE-4277-91AA-924D5869DB44}.Debug|Any CPU.Build.0 = Debug|Any CPU
		{580999AA-D7DE-4277-91AA-924D5869DB44}.Release|Any CPU.ActiveCfg = Release|Any CPU
		{580999AA-D7DE-4277-91AA-924D5869DB44}.Release|Any CPU.Build.0 = Release|Any CPU
		{1ADF955C-0F6A-4EF5-8579-FAE101C71BDC}.Debug|Any CPU.ActiveCfg = Debug|Any CPU
		{1ADF955C-0F6A-4EF5-8579-FAE101C71BDC}.Debug|Any CPU.Build.0 = Debug|Any CPU
		{1ADF955C-0F6A-4EF5-8579-FAE101C71BDC}.Release|Any CPU.ActiveCfg = Release|Any CPU
		{1ADF955C-0F6A-4EF5-8579-FAE101C71BDC}.Release|Any CPU.Build.0 = Release|Any CPU
	EndGlobalSection
	GlobalSection(SolutionProperties) = preSolution
		HideSolutionNode = FALSE
	EndGlobalSection
	GlobalSection(ExtensibilityGlobals) = postSolution
		SolutionGuid = {B027D5B7-431B-4150-9858-9E812F523456}
	EndGlobalSection
EndGlobal
