
Microsoft Visual Studio Solution File, Format Version 12.00
# Visual Studio Version 17
VisualStudioVersion = 17.1.32407.343
MinimumVisualStudioVersion = 10.0.40219.1
Project("{9A19103F-16F7-4668-BE54-9A1E7A4F7556}") = "PurchaseRequester.Domain", "PurchaseRequester.Domain\PurchaseRequester.Domain.csproj", "{31BF3B3E-AC47-424F-B659-4EF20E7289A7}"
EndProject
Project("{9A19103F-16F7-4668-BE54-9A1E7A4F7556}") = "PurchaseRequester.Persistence", "PurchaseRequester.Persistence\PurchaseRequester.Persistence.csproj", "{580999AA-D7DE-4277-91AA-924D5869DB44}"
EndProject
Project("{9A19103F-16F7-4668-BE54-9A1E7A4F7556}") = "PurchaseRequester.UI.Console", "PurchaseRequester.UI.Console\PurchaseRequester.UI.Console.csproj", "{1ADF955C-0F6A-4EF5-8579-FAE101C71BDC}"
EndProject
Project("{9A19103F-16F7-4668-BE54-9A1E7A4F7556}") = "PurchaseRequester.UI.WPF", "PurchaseRequester.UI.WPF\PurchaseRequester.UI.WPF.csproj", "{9D5BF1E8-948A-4838-BD77-52239FAF8F84}"
EndProject
Project("{9A19103F-16F7-4668-BE54-9A1E7A4F7556}") = "PurchaseRequester.Core", "PurchaseRequester.Core\PurchaseRequester.Core.csproj", "{42C921D2-7628-4622-950D-F4F629E03E2A}"
EndProject
Global
	GlobalSection(SolutionConfigurationPlatforms) = preSolution
		Debug|Any CPU = Debug|Any CPU
		Release|Any CPU = Release|Any CPU
	EndGlobalSection
	GlobalSection(ProjectConfigurationPlatforms) = postSolution
		{31BF3B3E-AC47-424F-B659-4EF20E7289A7}.Debug|Any CPU.ActiveCfg = Debug|Any CPU
		{31BF3B3E-AC47-424F-B659-4EF20E7289A7}.Debug|Any CPU.Build.0 = Debug|Any CPU
		{31BF3B3E-AC47-424F-B659-4EF20E7289A7}.Release|Any CPU.ActiveCfg = Release|Any CPU
		{31BF3B3E-AC47-424F-B659-4EF20E7289A7}.Release|Any CPU.Build.0 = Release|Any CPU
		{580999AA-D7DE-4277-91AA-924D5869DB44}.Debug|Any CPU.ActiveCfg = Debug|Any CPU
		{580999AA-D7DE-4277-91AA-924D5869DB44}.Debug|Any CPU.Build.0 = Debug|Any CPU
		{580999AA-D7DE-4277-91AA-924D5869DB44}.Release|Any CPU.ActiveCfg = Release|Any CPU
		{580999AA-D7DE-4277-91AA-924D5869DB44}.Release|Any CPU.Build.0 = Release|Any CPU
		{1ADF955C-0F6A-4EF5-8579-FAE101C71BDC}.Debug|Any CPU.ActiveCfg = Debug|Any CPU
		{1ADF955C-0F6A-4EF5-8579-FAE101C71BDC}.Debug|Any CPU.Build.0 = Debug|Any CPU
		{1ADF955C-0F6A-4EF5-8579-FAE101C71BDC}.Release|Any CPU.ActiveCfg = Release|Any CPU
		{1ADF955C-0F6A-4EF5-8579-FAE101C71BDC}.Release|Any CPU.Build.0 = Release|Any CPU
		{9D5BF1E8-948A-4838-BD77-52239FAF8F84}.Debug|Any CPU.ActiveCfg = Debug|Any CPU
		{9D5BF1E8-948A-4838-BD77-52239FAF8F84}.Debug|Any CPU.Build.0 = Debug|Any CPU
		{9D5BF1E8-948A-4838-BD77-52239FAF8F84}.Release|Any CPU.ActiveCfg = Release|Any CPU
		{9D5BF1E8-948A-4838-BD77-52239FAF8F84}.Release|Any CPU.Build.0 = Release|Any CPU
		{42C921D2-7628-4622-950D-F4F629E03E2A}.Debug|Any CPU.ActiveCfg = Debug|Any CPU
		{42C921D2-7628-4622-950D-F4F629E03E2A}.Debug|Any CPU.Build.0 = Debug|Any CPU
		{42C921D2-7628-4622-950D-F4F629E03E2A}.Release|Any CPU.ActiveCfg = Release|Any CPU
		{42C921D2-7628-4622-950D-F4F629E03E2A}.Release|Any CPU.Build.0 = Release|Any CPU
	EndGlobalSection
	GlobalSection(SolutionProperties) = preSolution
		HideSolutionNode = FALSE
	EndGlobalSection
	GlobalSection(ExtensibilityGlobals) = postSolution
		SolutionGuid = {B027D5B7-431B-4150-9858-9E812F523456}
	EndGlobalSection
EndGlobal
